
Microsoft Visual Studio Solution File, Format Version 12.00
# Visual Studio Version 17
VisualStudioVersion = 17.2.32519.379
MinimumVisualStudioVersion = 10.0.40219.1
Project("{FAE04EC0-301F-11D3-BF4B-00C04F79EFBC}") = "Assignment Flightss", "Assignment Flightss\Assignment Flightss.csproj", "{0429FE6B-780B-4E01-B1CD-9C193B3DE06B}"
EndProject
Global
	GlobalSection(SolutionConfigurationPlatforms) = preSolution
		Debug|Any CPU = Debug|Any CPU
		Release|Any CPU = Release|Any CPU
	EndGlobalSection
	GlobalSection(ProjectConfigurationPlatforms) = postSolution
		{0429FE6B-780B-4E01-B1CD-9C193B3DE06B}.Debug|Any CPU.ActiveCfg = Debug|Any CPU
		{0429FE6B-780B-4E01-B1CD-9C193B3DE06B}.Debug|Any CPU.Build.0 = Debug|Any CPU
		{0429FE6B-780B-4E01-B1CD-9C193B3DE06B}.Release|Any CPU.ActiveCfg = Release|Any CPU
		{0429FE6B-780B-4E01-B1CD-9C193B3DE06B}.Release|Any CPU.Build.0 = Release|Any CPU
	EndGlobalSection
	GlobalSection(SolutionProperties) = preSolution
		HideSolutionNode = FALSE
	EndGlobalSection
	GlobalSection(ExtensibilityGlobals) = postSolution
		SolutionGuid = {BBE2DDB8-1EFA-4163-B53F-C977C47B3ABB}
	EndGlobalSection
EndGlobal
